
Microsoft Visual Studio Solution File, Format Version 12.00
# Visual Studio Version 18
VisualStudioVersion = 18.1.11312.151
MinimumVisualStudioVersion = 10.0.40219.1
Project("{FAE04EC0-301F-11D3-BF4B-00C04F79EFBC}") = "SrtpClientSample", "SrtpClientSample\SrtpClientSample.csproj", "{3133696A-524D-C084-4D14-5D3E88CE3251}"
EndProject
Project("{FAE04EC0-301F-11D3-BF4B-00C04F79EFBC}") = "SharpRTSPClient", "..\..\SharpRealTimeStreaming\src\SharpRTSPClient\SharpRTSPClient.csproj", "{A0408782-2365-41B6-570A-9846A6E62875}"
EndProject
Project("{FAE04EC0-301F-11D3-BF4B-00C04F79EFBC}") = "SharpSRTP", "SharpSRTP\SharpSRTP.csproj", "{2D401AE9-A5A1-8084-B7E9-8E6A4C147B72}"
EndProject
Project("{FAE04EC0-301F-11D3-BF4B-00C04F79EFBC}") = "RTSP", "..\..\SharpRTSP\RTSP\RTSP.csproj", "{F134ABCD-8FF1-402F-7F37-D976239D6767}"
EndProject
Project("{2150E333-8FDC-42A3-9474-1A3956D46DE8}") = "Solution Items", "Solution Items", "{2A0CF285-CB43-4236-B9F1-E8B50C132D04}"
	ProjectSection(SolutionItems) = preProject
		Directory.Build.props = Directory.Build.props
		..\README.md = ..\README.md
	EndProjectSection
EndProject
Project("{FAE04EC0-301F-11D3-BF4B-00C04F79EFBC}") = "DtlsClientSample", "DtlsClientSample\DtlsClientSample.csproj", "{7CEDBFB5-48BD-A497-A294-C04B5553FDB4}"
EndProject
Project("{2150E333-8FDC-42A3-9474-1A3956D46DE8}") = "Samples", "Samples", "{B7BAB000-D668-4A0D-8826-23C4ACA09986}"
EndProject
Project("{FAE04EC0-301F-11D3-BF4B-00C04F79EFBC}") = "SharpSRTP.Tests", "SharpSRTP.Tests\SharpSRTP.Tests.csproj", "{951B1B0B-41B3-EBD0-13DD-3805A48ACA29}"
EndProject
Global
	GlobalSection(SolutionConfigurationPlatforms) = preSolution
		Debug|Any CPU = Debug|Any CPU
		Release|Any CPU = Release|Any CPU
	EndGlobalSection
	GlobalSection(ProjectConfigurationPlatforms) = postSolution
		{3133696A-524D-C084-4D14-5D3E88CE3251}.Debug|Any CPU.ActiveCfg = Debug|Any CPU
		{3133696A-524D-C084-4D14-5D3E88CE3251}.Debug|Any CPU.Build.0 = Debug|Any CPU
		{3133696A-524D-C084-4D14-5D3E88CE3251}.Release|Any CPU.ActiveCfg = Release|Any CPU
		{3133696A-524D-C084-4D14-5D3E88CE3251}.Release|Any CPU.Build.0 = Release|Any CPU
		{A0408782-2365-41B6-570A-9846A6E62875}.Debug|Any CPU.ActiveCfg = Debug|Any CPU
		{A0408782-2365-41B6-570A-9846A6E62875}.Debug|Any CPU.Build.0 = Debug|Any CPU
		{A0408782-2365-41B6-570A-9846A6E62875}.Release|Any CPU.ActiveCfg = Release|Any CPU
		{A0408782-2365-41B6-570A-9846A6E62875}.Release|Any CPU.Build.0 = Release|Any CPU
		{2D401AE9-A5A1-8084-B7E9-8E6A4C147B72}.Debug|Any CPU.ActiveCfg = Debug|Any CPU
		{2D401AE9-A5A1-8084-B7E9-8E6A4C147B72}.Debug|Any CPU.Build.0 = Debug|Any CPU
		{2D401AE9-A5A1-8084-B7E9-8E6A4C147B72}.Release|Any CPU.ActiveCfg = Release|Any CPU
		{2D401AE9-A5A1-8084-B7E9-8E6A4C147B72}.Release|Any CPU.Build.0 = Release|Any CPU
		{F134ABCD-8FF1-402F-7F37-D976239D6767}.Debug|Any CPU.ActiveCfg = Debug|Any CPU
		{F134ABCD-8FF1-402F-7F37-D976239D6767}.Debug|Any CPU.Build.0 = Debug|Any CPU
		{F134ABCD-8FF1-402F-7F37-D976239D6767}.Release|Any CPU.ActiveCfg = Release|Any CPU
		{F134ABCD-8FF1-402F-7F37-D976239D6767}.Release|Any CPU.Build.0 = Release|Any CPU
		{7CEDBFB5-48BD-A497-A294-C04B5553FDB4}.Debug|Any CPU.ActiveCfg = Debug|Any CPU
		{7CEDBFB5-48BD-A497-A294-C04B5553FDB4}.Debug|Any CPU.Build.0 = Debug|Any CPU
		{7CEDBFB5-48BD-A497-A294-C04B5553FDB4}.Release|Any CPU.ActiveCfg = Release|Any CPU
		{7CEDBFB5-48BD-A497-A294-C04B5553FDB4}.Release|Any CPU.Build.0 = Release|Any CPU
		{951B1B0B-41B3-EBD0-13DD-3805A48ACA29}.Debug|Any CPU.ActiveCfg = Debug|Any CPU
		{951B1B0B-41B3-EBD0-13DD-3805A48ACA29}.Debug|Any CPU.Build.0 = Debug|Any CPU
		{951B1B0B-41B3-EBD0-13DD-3805A48ACA29}.Release|Any CPU.ActiveCfg = Release|Any CPU
		{951B1B0B-41B3-EBD0-13DD-3805A48ACA29}.Release|Any CPU.Build.0 = Release|Any CPU
	EndGlobalSection
	GlobalSection(SolutionProperties) = preSolution
		HideSolutionNode = FALSE
	EndGlobalSection
	GlobalSection(NestedProjects) = preSolution
		{3133696A-524D-C084-4D14-5D3E88CE3251} = {B7BAB000-D668-4A0D-8826-23C4ACA09986}
		{7CEDBFB5-48BD-A497-A294-C04B5553FDB4} = {B7BAB000-D668-4A0D-8826-23C4ACA09986}
	EndGlobalSection
	GlobalSection(ExtensibilityGlobals) = postSolution
		SolutionGuid = {33C9836D-24ED-48AF-894D-607353041B88}
	EndGlobalSection
EndGlobal
